Microsoft Visual Studio Solution File, Format Version 12.00
# Visual Studio Version 17
VisualStudioVersion = 17.5.2.0
MinimumVisualStudioVersion = 10.0.40219.1
Project("{2150E333-8FDC-42A3-9474-1A3956D46DE8}") = "delete-unused-events-data", "delete-unused-events-data", "{79AC7F7F-C444-64FD-456C-35715497701C}"
EndProject
Project("{FAE04EC0-301F-11D3-BF4B-00C04F79EFBC}") = "EventsCleanupApi", "delete-unused-events-data\EventsCleanupApi\EventsCleanupApi.csproj", "{23E46B56-B602-347C-B17F-8351FA39F48D}"
EndProject
Global
	GlobalSection(SolutionConfigurationPlatforms) = preSolution
		Debug|Any CPU = Debug|Any CPU
		Release|Any CPU = Release|Any CPU
	EndGlobalSection
	GlobalSection(ProjectConfigurationPlatforms) = postSolution
		{23E46B56-B602-347C-B17F-8351FA39F48D}.Debug|Any CPU.ActiveCfg = Debug|Any CPU
		{23E46B56-B602-347C-B17F-8351FA39F48D}.Debug|Any CPU.Build.0 = Debug|Any CPU
		{23E46B56-B602-347C-B17F-8351FA39F48D}.Release|Any CPU.ActiveCfg = Release|Any CPU
		{23E46B56-B602-347C-B17F-8351FA39F48D}.Release|Any CPU.Build.0 = Release|Any CPU
	EndGlobalSection
	GlobalSection(SolutionProperties) = preSolution
		HideSolutionNode = FALSE
	EndGlobalSection
	GlobalSection(NestedProjects) = preSolution
		{23E46B56-B602-347C-B17F-8351FA39F48D} = {79AC7F7F-C444-64FD-456C-35715497701C}
	EndGlobalSection
	GlobalSection(ExtensibilityGlobals) = postSolution
		SolutionGuid = {D9B20B32-6023-45FF-93A7-ACDF9E097135}
	EndGlobalSection
EndGlobal
